
Microsoft Visual Studio Solution File, Format Version 12.00
Project("{FAE04EC0-301F-11D3-BF4B-00C04F79EFBC}") = "inf042024061", "inf042024061.csproj", "{41D43CF5-66B7-4388-BC77-A2102108DB75}"
EndProject
Global
	GlobalSection(SolutionConfigurationPlatforms) = preSolution
		Debug|Any CPU = Debug|Any CPU
		Release|Any CPU = Release|Any CPU
	EndGlobalSection
	GlobalSection(ProjectConfigurationPlatforms) = postSolution
		{41D43CF5-66B7-4388-BC77-A2102108DB75}.Debug|Any CPU.ActiveCfg = Debug|Any CPU
		{41D43CF5-66B7-4388-BC77-A2102108DB75}.Debug|Any CPU.Build.0 = Debug|Any CPU
		{41D43CF5-66B7-4388-BC77-A2102108DB75}.Release|Any CPU.ActiveCfg = Release|Any CPU
		{41D43CF5-66B7-4388-BC77-A2102108DB75}.Release|Any CPU.Build.0 = Release|Any CPU
	EndGlobalSection
EndGlobal
