
Microsoft Visual Studio Solution File, Format Version 12.00
Project("{FAE04EC0-301F-11D3-BF4B-00C04F79EFBC}") = "inf04_01.2024", "inf04_01.2024.csproj", "{973A6F47-5C28-49EB-9D34-F3AA6CC9EC9B}"
EndProject
Global
	GlobalSection(SolutionConfigurationPlatforms) = preSolution
		Debug|Any CPU = Debug|Any CPU
		Release|Any CPU = Release|Any CPU
	EndGlobalSection
	GlobalSection(ProjectConfigurationPlatforms) = postSolution
		{973A6F47-5C28-49EB-9D34-F3AA6CC9EC9B}.Debug|Any CPU.ActiveCfg = Debug|Any CPU
		{973A6F47-5C28-49EB-9D34-F3AA6CC9EC9B}.Debug|Any CPU.Build.0 = Debug|Any CPU
		{973A6F47-5C28-49EB-9D34-F3AA6CC9EC9B}.Release|Any CPU.ActiveCfg = Release|Any CPU
		{973A6F47-5C28-49EB-9D34-F3AA6CC9EC9B}.Release|Any CPU.Build.0 = Release|Any CPU
	EndGlobalSection
EndGlobal
